// !$*UTF8*$!
{
	archiveVersion = 1;
	classes = {
	};
	objectVersion = 50;
	objects = {

/* Begin PBXBuildFile section */
		5B978BC2212AA88500087B77 /* CustomCell.swift in Sources */ = {isa = PBXBuildFile; fileRef = 5B978BC1212AA88500087B77 /* CustomCell.swift */; };
		5BB3250721293F1700EF7181 /* AppDelegate.swift in Sources */ = {isa = PBXBuildFile; fileRef = 5BB3250621293F1700EF7181 /* AppDelegate.swift */; };
		5BB3250921293F1700EF7181 /* ViewController.swift in Sources */ = {isa = PBXBuildFile; fileRef = 5BB3250821293F1700EF7181 /* ViewController.swift */; };
		5BB3250C21293F1700EF7181 /* Main.storyboard in Resources */ = {isa = PBXBuildFile; fileRef = 5BB3250A21293F1700EF7181 /* Main.storyboard */; };
		5BB3250E21293F1800EF7181 /* Assets.xcassets in Resources */ = {isa = PBXBuildFile; fileRef = 5BB3250D21293F1800EF7181 /* Assets.xcassets */; };
		5BB3251121293F1800EF7181 /* LaunchScreen.storyboard in Resources */ = {isa = PBXBuildFile; fileRef = 5BB3250F21293F1800EF7181 /* LaunchScreen.storyboard */; };
		5BB32519212AA31C00EF7181 /* CellView.xib in Resources */ = {isa = PBXBuildFile; fileRef = 5BB32518212AA31C00EF7181 /* CellView.xib */; };
		9412A523ADC1A84AC79670D9 /* Pods_diary_project.framework in Frameworks */ = {isa = PBXBuildFile; fileRef = A4E9428957386BCD295A3A29 /* Pods_diary_project.framework */; };
/* End PBXBuildFile section */

/* Begin PBXFileReference section */
		3B5065D8736F3E2EF10B4AE9 /* Pods-diary_project.release.xcconfig */ = {isa = PBXFileReference; includeInIndex = 1; lastKnownFileType = text.xcconfig; name = "Pods-diary_project.release.xcconfig"; path = "Pods/Target Support Files/Pods-diary_project/Pods-diary_project.release.xcconfig"; sourceTree = "<group>"; };
		5B978BC1212AA88500087B77 /* CustomCell.swift */ = {isa = PBXFileReference; lastKnownFileType = sourcecode.swift; path = CustomCell.swift; sourceTree = "<group>"; };
		5BB3250321293F1700EF7181 /* diary_project.app */ = {isa = PBXFileReference; explicitFileType = wrapper.application; includeInIndex = 0; path = diary_project.app; sourceTree = BUILT_PRODUCTS_DIR; };
		5BB3250621293F1700EF7181 /* AppDelegate.swift */ = {isa = PBXFileReference; lastKnownFileType = sourcecode.swift; path = AppDelegate.swift; sourceTree = "<group>"; };
		5BB3250821293F1700EF7181 /* ViewController.swift */ = {isa = PBXFileReference; lastKnownFileType = sourcecode.swift; path = ViewController.swift; sourceTree = "<group>"; };
		5BB3250B21293F1700EF7181 /* Base */ = {isa = PBXFileReference; lastKnownFileType = file.storyboard; name = Base; path = Base.lproj/Main.storyboard; sourceTree = "<group>"; };
		5BB3250D21293F1800EF7181 /* Assets.xcassets */ = {isa = PBXFileReference; lastKnownFileType = folder.assetcatalog; path = Assets.xcassets; sourceTree = "<group>"; };
		5BB3251021293F1800EF7181 /* Base */ = {isa = PBXFileReference; lastKnownFileType = file.storyboard; name = Base; path = Base.lproj/LaunchScreen.storyboard; sourceTree = "<group>"; };
		5BB3251221293F1800EF7181 /* Info.plist */ = {isa = PBXFileReference; lastKnownFileType = text.plist.xml; path = Info.plist; sourceTree = "<group>"; };
		5BB32518212AA31C00EF7181 /* CellView.xib */ = {isa = PBXFileReference; lastKnownFileType = file.xib; path = CellView.xib; sourceTree = "<group>"; };
		A4E9428957386BCD295A3A29 /* Pods_diary_project.framework */ = {isa = PBXFileReference; explicitFileType = wrapper.framework; includeInIndex = 0; path = Pods_diary_project.framework; sourceTree = BUILT_PRODUCTS_DIR; };
		C34AC3D7CEB4965F43825808 /* Pods-diary_project.debug.xcconfig */ = {isa = PBXFileReference; includeInIndex = 1; lastKnownFileType = text.xcconfig; name = "Pods-diary_project.debug.xcconfig"; path = "Pods/Target Support Files/Pods-diary_project/Pods-diary_project.debug.xcconfig"; sourceTree = "<group>"; };
/* End PBXFileReference section */

/* Begin PBXFrameworksBuildPhase section */
		5BB3250021293F1700EF7181 /* Frameworks */ = {
			isa = PBXFrameworksBuildPhase;
			buildActionMask = 2147483647;
			files = (
				9412A523ADC1A84AC79670D9 /* Pods_diary_project.framework in Frameworks */,
			);
			runOnlyForDeploymentPostprocessing = 0;
		};
/* End PBXFrameworksBuildPhase section */

/* Begin PBXGroup section */
		5BB324FA21293F1600EF7181 = {
			isa = PBXGroup;
			children = (
				5BB3250521293F1700EF7181 /* diary_project */,
				5BB3250421293F1700EF7181 /* Products */,
				AACF5FD5829A394C9C77691D /* Pods */,
				7F93E0A5A0AAB6C329E7A6A6 /* Frameworks */,
			);
			sourceTree = "<group>";
		};
		5BB3250421293F1700EF7181 /* Products */ = {
			isa = PBXGroup;
			children = (
				5BB3250321293F1700EF7181 /* diary_project.app */,
			);
			name = Products;
			sourceTree = "<group>";
		};
		5BB3250521293F1700EF7181 /* diary_project */ = {
			isa = PBXGroup;
			children = (
				5BB3250621293F1700EF7181 /* AppDelegate.swift */,
				5BB3250821293F1700EF7181 /* ViewController.swift */,
				5BB3250A21293F1700EF7181 /* Main.storyboard */,
				5BB3250D21293F1800EF7181 /* Assets.xcassets */,
				5BB3250F21293F1800EF7181 /* LaunchScreen.storyboard */,
				5BB3251221293F1800EF7181 /* Info.plist */,
				5BB32518212AA31C00EF7181 /* CellView.xib */,
				5B978BC1212AA88500087B77 /* CustomCell.swift */,
			);
			path = diary_project;
			sourceTree = "<group>";
		};
		7F93E0A5A0AAB6C329E7A6A6 /* Frameworks */ = {
			isa = PBXGroup;
			children = (
				A4E9428957386BCD295A3A29 /* Pods_diary_project.framework */,
			);
			name = Frameworks;
			sourceTree = "<group>";
		};
		AACF5FD5829A394C9C77691D /* Pods */ = {
			isa = PBXGroup;
			children = (
				C34AC3D7CEB4965F43825808 /* Pods-diary_project.debug.xcconfig */,
				3B5065D8736F3E2EF10B4AE9 /* Pods-diary_project.release.xcconfig */,
			);
			name = Pods;
			sourceTree = "<group>";
		};
/* End PBXGroup section */

/* Begin PBXNativeTarget section */
		5BB3250221293F1700EF7181 /* diary_project */ = {
			isa = PBXNativeTarget;
			buildConfigurationList = 5BB3251521293F1800EF7181 /* Build configuration list for PBXNativeTarget "diary_project" */;
			buildPhases = (
				E294A734E1A4413A8A3E8AA7 /* [CP] Check Pods Manifest.lock */,
				5BB324FF21293F1700EF7181 /* Sources */,
				5BB3250021293F1700EF7181 /* Frameworks */,
				5BB3250121293F1700EF7181 /* Resources */,
				34E5F3A54ADC6163069AACC0 /* [CP] Embed Pods Frameworks */,
			);
			buildRules = (
			);
			dependencies = (
			);
			name = diary_project;
			productName = diary_project;
			productReference = 5BB3250321293F1700EF7181 /* diary_project.app */;
			productType = "com.apple.product-type.application";
		};
/* End PBXNativeTarget section */

/* Begin PBXProject section */
		5BB324FB21293F1600EF7181 /* Project object */ = {
			isa = PBXProject;
			attributes = {
				LastSwiftUpdateCheck = 0940;
				LastUpgradeCheck = 0940;
				ORGANIZATIONNAME = woongs;
				TargetAttributes = {
					5BB3250221293F1700EF7181 = {
						CreatedOnToolsVersion = 9.4.1;
					};
				};
			};
			buildConfigurationList = 5BB324FE21293F1600EF7181 /* Build configuration list for PBXProject "diary_project" */;
			compatibilityVersion = "Xcode 9.3";
			developmentRegion = en;
			hasScannedForEncodings = 0;
			knownRegions = (
				en,
				Base,
			);
			mainGroup = 5BB324FA21293F1600EF7181;
			productRefGroup = 5BB3250421293F1700EF7181 /* Products */;
			projectDirPath = "";
			projectRoot = "";
			targets = (
				5BB3250221293F1700EF7181 /* diary_project */,
			);
		};
/* End PBXProject section */

/* Begin PBXResourcesBuildPhase section */
		5BB3250121293F1700EF7181 /* Resources */ = {
			isa = PBXResourcesBuildPhase;
			buildActionMask = 2147483647;
			files = (
				5BB32519212AA31C00EF7181 /* CellView.xib in Resources */,
				5BB3251121293F1800EF7181 /* LaunchScreen.storyboard in Resources */,
				5BB3250E21293F1800EF7181 /* Assets.xcassets in Resources */,
				5BB3250C21293F1700EF7181 /* Main.storyboard in Resources */,
			);
			runOnlyForDeploymentPostprocessing = 0;
		};
/* End PBXResourcesBuildPhase section */

/* Begin PBXShellScriptBuildPhase section */
		34E5F3A54ADC6163069AACC0 /* [CP] Embed Pods Frameworks */ = {
			isa = PBXShellScriptBuildPhase;
			buildActionMask = 2147483647;
			files = (
			);
			inputPaths = (
				"${SRCROOT}/Pods/Target Support Files/Pods-diary_project/Pods-diary_project-frameworks.sh",
				"${BUILT_PRODUCTS_DIR}/JTAppleCalendar/JTAppleCalendar.framework",
			);
			name = "[CP] Embed Pods Frameworks";
			outputPaths = (
				"${TARGET_BUILD_DIR}/${FRAMEWORKS_FOLDER_PATH}/JTAppleCalendar.framework",
			);
			runOnlyForDeploymentPostprocessing = 0;
			shellPath = /bin/sh;
			shellScript = "\"${SRCROOT}/Pods/Target Support Files/Pods-diary_project/Pods-diary_project-frameworks.sh\"\n";
			showEnvVarsInLog = 0;
		};
		E294A734E1A4413A8A3E8AA7 /* [CP] Check Pods Manifest.lock */ = {
			isa = PBXShellScriptBuildPhase;
			buildActionMask = 2147483647;
			files = (
			);
			inputPaths = (
				"${PODS_PODFILE_DIR_PATH}/Podfile.lock",
				"${PODS_ROOT}/Manifest.lock",
			);
			name = "[CP] Check Pods Manifest.lock";
			outputPaths = (
				"$(DERIVED_FILE_DIR)/Pods-diary_project-checkManifestLockResult.txt",
			);
			runOnlyForDeploymentPostprocessing = 0;
			shellPath = /bin/sh;
			shellScript = "diff \"${PODS_PODFILE_DIR_PATH}/Podfile.lock\" \"${PODS_ROOT}/Manifest.lock\" > /dev/null\nif [ $? != 0 ] ; then\n    # print error to STDERR\n    echo \"error: The sandbox is not in sync with the Podfile.lock. Run 'pod install' or update your CocoaPods installation.\" >&2\n    exit 1\nfi\n# This output is used by Xcode 'outputs' to avoid re-running this script phase.\necho \"SUCCESS\" > \"${SCRIPT_OUTPUT_FILE_0}\"\n";
			showEnvVarsInLog = 0;
		};
/* End PBXShellScriptBuildPhase section */

/* Begin PBXSourcesBuildPhase section */
		5BB324FF21293F1700EF7181 /* Sources */ = {
			isa = PBXSourcesBuildPhase;
			buildActionMask = 2147483647;
			files = (
				5BB3250921293F1700EF7181 /* ViewController.swift in Sources */,
				5BB3250721293F1700EF7181 /* AppDelegate.swift in Sources */,
				5B978BC2212AA88500087B77 /* CustomCell.swift in Sources */,
			);
			runOnlyForDeploymentPostprocessing = 0;
		};
/* End PBXSourcesBuildPhase section */

/* Begin PBXVariantGroup section */
		5BB3250A21293F1700EF7181 /* Main.storyboard */ = {
			isa = PBXVariantGroup;
			children = (
				5BB3250B21293F1700EF7181 /* Base */,
			);
			name = Main.storyboard;
			sourceTree = "<group>";
		};
		5BB3250F21293F1800EF7181 /* LaunchScreen.storyboard */ = {
			isa = PBXVariantGroup;
			children = (
				5BB3251021293F1800EF7181 /* Base */,
			);
			name = LaunchScreen.storyboard;
			sourceTree = "<group>";
		};
/* End PBXVariantGroup section */

/* Begin XCBuildConfiguration section */
		5BB3251321293F1800EF7181 /* Debug */ = {
			isa = XCBuildConfiguration;
			buildSettings = {
				ALWAYS_SEARCH_USER_PATHS = NO;
				CLANG_ANALYZER_NONNULL = YES;
				CLANG_ANALYZER_NUMBER_OBJECT_CONVERSION = YES_AGGRESSIVE;
				CLANG_CXX_LANGUAGE_STANDARD = "gnu++14";
				CLANG_CXX_LIBRARY = "libc++";
				CLANG_ENABLE_MODULES = YES;
				CLANG_ENABLE_OBJC_ARC = YES;
				CLANG_ENABLE_OBJC_WEAK = YES;
				CLANG_WARN_BLOCK_CAPTURE_AUTORELEASING = YES;
				CLANG_WARN_BOOL_CONVERSION = YES;
				CLANG_WARN_COMMA = YES;
				CLANG_WARN_CONSTANT_CONVERSION = YES;
				CLANG_WARN_DEPRECATED_OBJC_IMPLEMENTATIONS = YES;
				CLANG_WARN_DIRECT_OBJC_ISA_USAGE = YES_ERROR;
				CLANG_WARN_DOCUMENTATION_COMMENTS = YES;
				CLANG_WARN_EMPTY_BODY = YES;
				CLANG_WARN_ENUM_CONVERSION = YES;
				CLANG_WARN_INFINITE_RECURSION = YES;
				CLANG_WARN_INT_CONVERSION = YES;
				CLANG_WARN_NON_LITERAL_NULL_CONVERSION = YES;
				CLANG_WARN_OBJC_IMPLICIT_RETAIN_SELF = YES;
				CLANG_WARN_OBJC_LITERAL_CONVERSION = YES;
				CLANG_WARN_OBJC_ROOT_CLASS = YES_ERROR;
				CLANG_WARN_RANGE_LOOP_ANALYSIS = YES;
				CLANG_WARN_STRICT_PROTOTYPES = YES;
				CLANG_WARN_SUSPICIOUS_MOVE = YES;
				CLANG_WARN_UNGUARDED_AVAILABILITY = YES_AGGRESSIVE;
				CLANG_WARN_UNREACHABLE_CODE = YES;
				CLANG_WARN__DUPLICATE_METHOD_MATCH = YES;
				CODE_SIGN_IDENTITY = "iPhone Developer";
				COPY_PHASE_STRIP = NO;
				DEBUG_INFORMATION_FORMAT = dwarf;
				ENABLE_STRICT_OBJC_MSGSEND = YES;
				ENABLE_TESTABILITY = YES;
				GCC_C_LANGUAGE_STANDARD = gnu11;
				GCC_DYNAMIC_NO_PIC = NO;
				GCC_NO_COMMON_BLOCKS = YES;
				GCC_OPTIMIZATION_LEVEL = 0;
				GCC_PREPROCESSOR_DEFINITIONS = (
					"DEBUG=1",
					"$(inherited)",
				);
				GCC_WARN_64_TO_32_BIT_CONVERSION = YES;
				GCC_WARN_ABOUT_RETURN_TYPE = YES_ERROR;
				GCC_WARN_UNDECLARED_SELECTOR = YES;
				GCC_WARN_UNINITIALIZED_AUTOS = YES_AGGRESSIVE;
				GCC_WARN_UNUSED_FUNCTION = YES;
				GCC_WARN_UNUSED_VARIABLE = YES;
				IPHONEOS_DEPLOYMENT_TARGET = 11.4;
				MTL_ENABLE_DEBUG_INFO = YES;
				ONLY_ACTIVE_ARCH = YES;
				SDKROOT = iphoneos;
				SWIFT_ACTIVE_COMPILATION_CONDITIONS = DEBUG;
				SWIFT_OPTIMIZATION_LEVEL = "-Onone";
			};
			name = Debug;
		};
		5BB3251421293F1800EF7181 /* Release */ = {
			isa = XCBuildConfiguration;
			buildSettings = {
				ALWAYS_SEARCH_USER_PATHS = NO;
				CLANG_ANALYZER_NONNULL = YES;
				CLANG_ANALYZER_NUMBER_OBJECT_CONVERSION = YES_AGGRESSIVE;
				CLANG_CXX_LANGUAGE_STANDARD = "gnu++14";
				CLANG_CXX_LIBRARY = "libc++";
				CLANG_ENABLE_MODULES = YES;
				CLANG_ENABLE_OBJC_ARC = YES;
				CLANG_ENABLE_OBJC_WEAK = YES;
				CLANG_WARN_BLOCK_CAPTURE_AUTORELEASING = YES;
				CLANG_WARN_BOOL_CONVERSION = YES;
				CLANG_WARN_COMMA = YES;
				CLANG_WARN_CONSTANT_CONVERSION = YES;
				CLANG_WARN_DEPRECATED_OBJC_IMPLEMENTATIONS = YES;
				CLANG_WARN_DIRECT_OBJC_ISA_USAGE = YES_ERROR;
				CLANG_WARN_DOCUMENTATION_COMMENTS = YES;
				CLANG_WARN_EMPTY_BODY = YES;
				CLANG_WARN_ENUM_CONVERSION = YES;
				CLANG_WARN_INFINITE_RECURSION = YES;
				CLANG_WARN_INT_CONVERSION = YES;
				CLANG_WARN_NON_LITERAL_NULL_CONVERSION = YES;
				CLANG_WARN_OBJC_IMPLICIT_RETAIN_SELF = YES;
				CLANG_WARN_OBJC_LITERAL_CONVERSION = YES;
				CLANG_WARN_OBJC_ROOT_CLASS = YES_ERROR;
				CLANG_WARN_RANGE_LOOP_ANALYSIS = YES;
				CLANG_WARN_STRICT_PROTOTYPES = YES;
				CLANG_WARN_SUSPICIOUS_MOVE = YES;
				CLANG_WARN_UNGUARDED_AVAILABILITY = YES_AGGRESSIVE;
				CLANG_WARN_UNREACHABLE_CODE = YES;
				CLANG_WARN__DUPLICATE_METHOD_MATCH = YES;
				CODE_SIGN_IDENTITY = "iPhone Developer";
				COPY_PHASE_STRIP = NO;
				DEBUG_INFORMATION_FORMAT = "dwarf-with-dsym";
				ENABLE_NS_ASSERTIONS = NO;
				ENABLE_STRICT_OBJC_MSGSEND = YES;
				GCC_C_LANGUAGE_STANDARD = gnu11;
				GCC_NO_COMMON_BLOCKS = YES;
				GCC_WARN_64_TO_32_BIT_CONVERSION = YES;
				GCC_WARN_ABOUT_RETURN_TYPE = YES_ERROR;
				GCC_WARN_UNDECLARED_SELECTOR = YES;
				GCC_WARN_UNINITIALIZED_AUTOS = YES_AGGRESSIVE;
				GCC_WARN_UNUSED_FUNCTION = YES;
				GCC_WARN_UNUSED_VARIABLE = YES;
				IPHONEOS_DEPLOYMENT_TARGET = 11.4;
				MTL_ENABLE_DEBUG_INFO = NO;
				SDKROOT = iphoneos;
				SWIFT_COMPILATION_MODE = wholemodule;
				SWIFT_OPTIMIZATION_LEVEL = "-O";
				VALIDATE_PRODUCT = YES;
			};
			name = Release;
		};
		5BB3251621293F1800EF7181 /* Debug */ = {
			isa = XCBuildConfiguration;
			baseConfigurationReference = C34AC3D7CEB4965F43825808 /* Pods-diary_project.debug.xcconfig */;
			buildSettings = {
				ASSETCATALOG_COMPILER_APPICON_NAME = AppIcon;
				CODE_SIGN_STYLE = Automatic;
				INFOPLIST_FILE = diary_project/Info.plist;
				LD_RUNPATH_SEARCH_PATHS = (
					"$(inherited)",
					"@executable_path/Frameworks",
				);
				PRODUCT_BUNDLE_IDENTIFIER = "com.diary-project";
				PRODUCT_NAME = "$(TARGET_NAME)";
				SWIFT_VERSION = 4.0;
				TARGETED_DEVICE_FAMILY = 2;
			};
			name = Debug;
		};
		5BB3251721293F1800EF7181 /* Release */ = {
			isa = XCBuildConfiguration;
			baseConfigurationReference = 3B5065D8736F3E2EF10B4AE9 /* Pods-diary_project.release.xcconfig */;
			buildSettings = {
				ASSETCATALOG_COMPILER_APPICON_NAME = AppIcon;
				CODE_SIGN_STYLE = Automatic;
				INFOPLIST_FILE = diary_project/Info.plist;
				LD_RUNPATH_SEARCH_PATHS = (
					"$(inherited)",
					"@executable_path/Frameworks",
				);
				PRODUCT_BUNDLE_IDENTIFIER = "com.diary-project";
				PRODUCT_NAME = "$(TARGET_NAME)";
				SWIFT_VERSION = 4.0;
				TARGETED_DEVICE_FAMILY = 2;
			};
			name = Release;
		};
/* End XCBuildConfiguration section */

/* Begin XCConfigurationList section */
		5BB324FE21293F1600EF7181 /* Build configuration list for PBXProject "diary_project" */ = {
			isa = XCConfigurationList;
			buildConfigurations = (
				5BB3251321293F1800EF7181 /* Debug */,
				5BB3251421293F1800EF7181 /* Release */,
			);
			defaultConfigurationIsVisible = 0;
			defaultConfigurationName = Release;
		};
		5BB3251521293F1800EF7181 /* Build configuration list for PBXNativeTarget "diary_project" */ = {
			isa = XCConfigurationList;
			buildConfigurations = (
				5BB3251621293F1800EF7181 /* Debug */,
				5BB3251721293F1800EF7181 /* Release */,
			);
			defaultConfigurationIsVisible = 0;
			defaultConfigurationName = Release;
		};
/* End XCConfigurationList section */
	};
	rootObject = 5BB324FB21293F1600EF7181 /* Project object */;
}
